
Microsoft Visual Studio Solution File, Format Version 12.00
# Visual Studio 15
Project("{FAE04EC0-301F-11D3-BF4B-00C04F79EFBC}") = "Assembly-CSharp", "Assembly-CSharp.csproj", "{1C260477-EEEE-B154-ECEB-58B19BE3FADB}"
EndProject
Project("{FAE04EC0-301F-11D3-BF4B-00C04F79EFBC}") = "Assembly-CSharp-Editor", "Assembly-CSharp-Editor.csproj", "{53F4E900-DCBB-0061-E715-35DBD635C409}"
EndProject
Global
	GlobalSection(SolutionConfigurationPlatforms) = preSolution
		Debug|Any CPU = Debug|Any CPU
		Release|Any CPU = Release|Any CPU
	EndGlobalSection
	GlobalSection(ProjectConfigurationPlatforms) = postSolution
		{1C260477-EEEE-B154-ECEB-58B19BE3FADB}.Debug|Any CPU.ActiveCfg = Debug|Any CPU
		{1C260477-EEEE-B154-ECEB-58B19BE3FADB}.Debug|Any CPU.Build.0 = Debug|Any CPU
		{1C260477-EEEE-B154-ECEB-58B19BE3FADB}.Release|Any CPU.ActiveCfg = Release|Any CPU
		{1C260477-EEEE-B154-ECEB-58B19BE3FADB}.Release|Any CPU.Build.0 = Release|Any CPU
		{53F4E900-DCBB-0061-E715-35DBD635C409}.Debug|Any CPU.ActiveCfg = Debug|Any CPU
		{53F4E900-DCBB-0061-E715-35DBD635C409}.Debug|Any CPU.Build.0 = Debug|Any CPU
		{53F4E900-DCBB-0061-E715-35DBD635C409}.Release|Any CPU.ActiveCfg = Release|Any CPU
		{53F4E900-DCBB-0061-E715-35DBD635C409}.Release|Any CPU.Build.0 = Release|Any CPU
	EndGlobalSection
	GlobalSection(SolutionProperties) = preSolution
		HideSolutionNode = FALSE
	EndGlobalSection
EndGlobal
